
Microsoft Visual Studio Solution File, Format Version 12.00
# Visual Studio Version 17
VisualStudioVersion = 17.7.34202.233
MinimumVisualStudioVersion = 10.0.40219.1
Project("{9A19103F-16F7-4668-BE54-9A1E7A4F7556}") = "AllegroManager", "AllegroManager.csproj", "{00D46A24-150F-47FA-9096-45FBDEE0C0D7}"
EndProject
Project("{2150E333-8FDC-42A3-9474-1A3956D46DE8}") = "Modules", "Modules", "{49A09560-A0EC-4562-8A37-03867C74F449}"
EndProject
Project("{2150E333-8FDC-42A3-9474-1A3956D46DE8}") = "BuildingBlocks", "BuildingBlocks", "{50A17FFE-3C58-4656-A080-1FFB816FBAC2}"
EndProject
Project("{2150E333-8FDC-42A3-9474-1A3956D46DE8}") = "Allegro", "Allegro", "{513BE191-7372-4975-9356-FD798F98E5AB}"
EndProject
Project("{9A19103F-16F7-4668-BE54-9A1E7A4F7556}") = "AllegroConnector.Infrastructure", "..\AllegroConnector\AllegroConnector.Infrastructure.csproj", "{C2475043-A35B-433E-AB5F-4E36BB79DC93}"
EndProject
Project("{9A19103F-16F7-4668-BE54-9A1E7A4F7556}") = "AllegroConnector.Domain", "..\AllegroConnector.Domain\AllegroConnector.Domain.csproj", "{E7F3AF4D-C379-4D5A-8508-CC0103C3010C}"
EndProject
Project("{9A19103F-16F7-4668-BE54-9A1E7A4F7556}") = "AllegroConnector.Application", "..\AllegroConnector.Application\AllegroConnector.Application.csproj", "{B4AC61D7-71AA-47A0-B798-7AA46F466A4F}"
EndProject
Project("{9A19103F-16F7-4668-BE54-9A1E7A4F7556}") = "AllegroConnector.BuildingBlocks.Application", "..\AllegroConnector.BuildingBlocks.Application\AllegroConnector.BuildingBlocks.Application.csproj", "{AD6DF174-5667-4A79-9530-DB58E41A66DF}"
EndProject
Project("{9A19103F-16F7-4668-BE54-9A1E7A4F7556}") = "AllegroConnector.BuildingBlocks.Domain", "..\AllegroConnector.BuildingBlocks.Domain\AllegroConnector.BuildingBlocks.Domain.csproj", "{4675C2D6-23EE-4B67-95B9-E559BD7C2EBC}"
EndProject
Project("{9A19103F-16F7-4668-BE54-9A1E7A4F7556}") = "AllegroConnector.BuildingBlocks.Infrastructure", "..\AllegroConnector.BuildingBlocks.Infrastructure\AllegroConnector.BuildingBlocks.Infrastructure.csproj", "{66AE85ED-5FF8-4A7A-8A55-9C4387BFD3EB}"
EndProject
Project("{9A19103F-16F7-4668-BE54-9A1E7A4F7556}") = "AllegroConnector.IntegrationEvents", "..\AllegroConnector.IntegrationEvents\AllegroConnector.IntegrationEvents.csproj", "{AAB50160-D8C9-4AD4-B280-AC2D602E1264}"
EndProject
Project("{2150E333-8FDC-42A3-9474-1A3956D46DE8}") = "Tests", "Tests", "{2244E9FB-536F-4F1D-8373-386C0D287CD0}"
EndProject
Project("{9A19103F-16F7-4668-BE54-9A1E7A4F7556}") = "AllegroManager.AllegroConnectorTests", "..\AllegroManager.AllegroConnectorTests\AllegroManager.AllegroConnectorTests.csproj", "{73060D40-D7C8-4EF0-8E88-A32B3A74BB43}"
EndProject
Global
	GlobalSection(SolutionConfigurationPlatforms) = preSolution
		Debug|Any CPU = Debug|Any CPU
		Release|Any CPU = Release|Any CPU
	EndGlobalSection
	GlobalSection(ProjectConfigurationPlatforms) = postSolution
		{00D46A24-150F-47FA-9096-45FBDEE0C0D7}.Debug|Any CPU.ActiveCfg = Debug|Any CPU
		{00D46A24-150F-47FA-9096-45FBDEE0C0D7}.Debug|Any CPU.Build.0 = Debug|Any CPU
		{00D46A24-150F-47FA-9096-45FBDEE0C0D7}.Release|Any CPU.ActiveCfg = Release|Any CPU
		{00D46A24-150F-47FA-9096-45FBDEE0C0D7}.Release|Any CPU.Build.0 = Release|Any CPU
		{C2475043-A35B-433E-AB5F-4E36BB79DC93}.Debug|Any CPU.ActiveCfg = Debug|Any CPU
		{C2475043-A35B-433E-AB5F-4E36BB79DC93}.Debug|Any CPU.Build.0 = Debug|Any CPU
		{C2475043-A35B-433E-AB5F-4E36BB79DC93}.Release|Any CPU.ActiveCfg = Release|Any CPU
		{C2475043-A35B-433E-AB5F-4E36BB79DC93}.Release|Any CPU.Build.0 = Release|Any CPU
		{E7F3AF4D-C379-4D5A-8508-CC0103C3010C}.Debug|Any CPU.ActiveCfg = Debug|Any CPU
		{E7F3AF4D-C379-4D5A-8508-CC0103C3010C}.Debug|Any CPU.Build.0 = Debug|Any CPU
		{E7F3AF4D-C379-4D5A-8508-CC0103C3010C}.Release|Any CPU.ActiveCfg = Release|Any CPU
		{E7F3AF4D-C379-4D5A-8508-CC0103C3010C}.Release|Any CPU.Build.0 = Release|Any CPU
		{B4AC61D7-71AA-47A0-B798-7AA46F466A4F}.Debug|Any CPU.ActiveCfg = Debug|Any CPU
		{B4AC61D7-71AA-47A0-B798-7AA46F466A4F}.Debug|Any CPU.Build.0 = Debug|Any CPU
		{B4AC61D7-71AA-47A0-B798-7AA46F466A4F}.Release|Any CPU.ActiveCfg = Release|Any CPU
		{B4AC61D7-71AA-47A0-B798-7AA46F466A4F}.Release|Any CPU.Build.0 = Release|Any CPU
		{AD6DF174-5667-4A79-9530-DB58E41A66DF}.Debug|Any CPU.ActiveCfg = Debug|Any CPU
		{AD6DF174-5667-4A79-9530-DB58E41A66DF}.Debug|Any CPU.Build.0 = Debug|Any CPU
		{AD6DF174-5667-4A79-9530-DB58E41A66DF}.Release|Any CPU.ActiveCfg = Release|Any CPU
		{AD6DF174-5667-4A79-9530-DB58E41A66DF}.Release|Any CPU.Build.0 = Release|Any CPU
		{4675C2D6-23EE-4B67-95B9-E559BD7C2EBC}.Debug|Any CPU.ActiveCfg = Debug|Any CPU
		{4675C2D6-23EE-4B67-95B9-E559BD7C2EBC}.Debug|Any CPU.Build.0 = Debug|Any CPU
		{4675C2D6-23EE-4B67-95B9-E559BD7C2EBC}.Release|Any CPU.ActiveCfg = Release|Any CPU
		{4675C2D6-23EE-4B67-95B9-E559BD7C2EBC}.Release|Any CPU.Build.0 = Release|Any CPU
		{66AE85ED-5FF8-4A7A-8A55-9C4387BFD3EB}.Debug|Any CPU.ActiveCfg = Debug|Any CPU
		{66AE85ED-5FF8-4A7A-8A55-9C4387BFD3EB}.Debug|Any CPU.Build.0 = Debug|Any CPU
		{66AE85ED-5FF8-4A7A-8A55-9C4387BFD3EB}.Release|Any CPU.ActiveCfg = Release|Any CPU
		{66AE85ED-5FF8-4A7A-8A55-9C4387BFD3EB}.Release|Any CPU.Build.0 = Release|Any CPU
		{AAB50160-D8C9-4AD4-B280-AC2D602E1264}.Debug|Any CPU.ActiveCfg = Debug|Any CPU
		{AAB50160-D8C9-4AD4-B280-AC2D602E1264}.Debug|Any CPU.Build.0 = Debug|Any CPU
		{AAB50160-D8C9-4AD4-B280-AC2D602E1264}.Release|Any CPU.ActiveCfg = Release|Any CPU
		{AAB50160-D8C9-4AD4-B280-AC2D602E1264}.Release|Any CPU.Build.0 = Release|Any CPU
		{73060D40-D7C8-4EF0-8E88-A32B3A74BB43}.Debug|Any CPU.ActiveCfg = Debug|Any CPU
		{73060D40-D7C8-4EF0-8E88-A32B3A74BB43}.Debug|Any CPU.Build.0 = Debug|Any CPU
		{73060D40-D7C8-4EF0-8E88-A32B3A74BB43}.Release|Any CPU.ActiveCfg = Release|Any CPU
		{73060D40-D7C8-4EF0-8E88-A32B3A74BB43}.Release|Any CPU.Build.0 = Release|Any CPU
	EndGlobalSection
	GlobalSection(SolutionProperties) = preSolution
		HideSolutionNode = FALSE
	EndGlobalSection
	GlobalSection(NestedProjects) = preSolution
		{513BE191-7372-4975-9356-FD798F98E5AB} = {49A09560-A0EC-4562-8A37-03867C74F449}
		{C2475043-A35B-433E-AB5F-4E36BB79DC93} = {513BE191-7372-4975-9356-FD798F98E5AB}
		{E7F3AF4D-C379-4D5A-8508-CC0103C3010C} = {513BE191-7372-4975-9356-FD798F98E5AB}
		{B4AC61D7-71AA-47A0-B798-7AA46F466A4F} = {513BE191-7372-4975-9356-FD798F98E5AB}
		{AD6DF174-5667-4A79-9530-DB58E41A66DF} = {50A17FFE-3C58-4656-A080-1FFB816FBAC2}
		{4675C2D6-23EE-4B67-95B9-E559BD7C2EBC} = {50A17FFE-3C58-4656-A080-1FFB816FBAC2}
		{66AE85ED-5FF8-4A7A-8A55-9C4387BFD3EB} = {50A17FFE-3C58-4656-A080-1FFB816FBAC2}
		{AAB50160-D8C9-4AD4-B280-AC2D602E1264} = {513BE191-7372-4975-9356-FD798F98E5AB}
		{73060D40-D7C8-4EF0-8E88-A32B3A74BB43} = {2244E9FB-536F-4F1D-8373-386C0D287CD0}
	EndGlobalSection
	GlobalSection(ExtensibilityGlobals) = postSolution
		SolutionGuid = {371FB8C8-CEFC-436D-AB1F-D22153709692}
	EndGlobalSection
EndGlobal
